
Microsoft Visual Studio Solution File, Format Version 12.00
# Visual Studio 15
VisualStudioVersion = 15.0.33529.398
MinimumVisualStudioVersion = 10.0.40219.1
Project("{FAE04EC0-301F-11D3-BF4B-00C04F79EFBC}") = "SymBank", "SymBank\SymBank.csproj", "{8F3A834E-5B97-4543-B839-01061CCA24F1}"
EndProject
Project("{FAE04EC0-301F-11D3-BF4B-00C04F79EFBC}") = "Symbion", "Symbion\Symbion.csproj", "{93CA4717-B041-4D53-8336-135DFA72C8EA}"
EndProject
Global
	GlobalSection(SolutionConfigurationPlatforms) = preSolution
		Debug|Any CPU = Debug|Any CPU
		Release|Any CPU = Release|Any CPU
	EndGlobalSection
	GlobalSection(ProjectConfigurationPlatforms) = postSolution
		{8F3A834E-5B97-4543-B839-01061CCA24F1}.Debug|Any CPU.ActiveCfg = Debug|Any CPU
		{8F3A834E-5B97-4543-B839-01061CCA24F1}.Debug|Any CPU.Build.0 = Debug|Any CPU
		{8F3A834E-5B97-4543-B839-01061CCA24F1}.Release|Any CPU.ActiveCfg = Release|Any CPU
		{8F3A834E-5B97-4543-B839-01061CCA24F1}.Release|Any CPU.Build.0 = Release|Any CPU
		{93CA4717-B041-4D53-8336-135DFA72C8EA}.Debug|Any CPU.ActiveCfg = Debug|Any CPU
		{93CA4717-B041-4D53-8336-135DFA72C8EA}.Debug|Any CPU.Build.0 = Debug|Any CPU
		{93CA4717-B041-4D53-8336-135DFA72C8EA}.Release|Any CPU.ActiveCfg = Release|Any CPU
		{93CA4717-B041-4D53-8336-135DFA72C8EA}.Release|Any CPU.Build.0 = Release|Any CPU
	EndGlobalSection
	GlobalSection(SolutionProperties) = preSolution
		HideSolutionNode = FALSE
	EndGlobalSection
	GlobalSection(ExtensibilityGlobals) = postSolution
		SolutionGuid = {618BFDF9-838B-4024-909C-077D8887C0D1}
	EndGlobalSection
EndGlobal
