
Microsoft Visual Studio Solution File, Format Version 12.00
# Visual Studio 15
VisualStudioVersion = 15.0.33529.398
MinimumVisualStudioVersion = 10.0.40219.1
Project("{FAE04EC0-301F-11D3-BF4B-00C04F79EFBC}") = "SymBank", "SymBank\SymBank.csproj", "{8F3A834E-5B97-4543-B839-01061CCA24F1}"
EndProject
Project("{FAE04EC0-301F-11D3-BF4B-00C04F79EFBC}") = "Windows1", "Windows1\Windows1.csproj", "{FAE50720-EA6A-4FBE-8464-1A6FD2B96A1C}"
EndProject
Project("{FAE04EC0-301F-11D3-BF4B-00C04F79EFBC}") = "Brushes1", "Brushes1\Brushes1.csproj", "{438AF207-A1B7-4606-9BB5-EC29F0128B33}"
EndProject
Project("{FAE04EC0-301F-11D3-BF4B-00C04F79EFBC}") = "Brushes2", "Brushes2\Brushes2.csproj", "{A9EE68BB-7E83-40EE-BA26-92467A872DB5}"
EndProject
Project("{FAE04EC0-301F-11D3-BF4B-00C04F79EFBC}") = "Styles1", "Styles1\Styles1.csproj", "{5536C79C-370D-4DD5-A6DB-AD83786D3207}"
EndProject
Project("{FAE04EC0-301F-11D3-BF4B-00C04F79EFBC}") = "MyLib", "MyLib\MyLib.csproj", "{7A791DB8-47F4-454B-B37B-0E1EB239AE86}"
EndProject
Project("{FAE04EC0-301F-11D3-BF4B-00C04F79EFBC}") = "Media1", "Media1\Media1.csproj", "{0EBA7818-7CF8-4302-A5F0-77E8F3B6397A}"
EndProject
Project("{FAE04EC0-301F-11D3-BF4B-00C04F79EFBC}") = "Media2", "Media2\Media2.csproj", "{EA0672CB-BF2A-469C-83D1-881A1A5C5D10}"
EndProject
Project("{FAE04EC0-301F-11D3-BF4B-00C04F79EFBC}") = "Transparency1", "Transparency1\Transparency1.csproj", "{F7587548-77DB-4F72-BD34-3A3EA954FEA6}"
EndProject
Project("{FAE04EC0-301F-11D3-BF4B-00C04F79EFBC}") = "Lines1", "Lines1\Lines1.csproj", "{D9C7238E-4FCE-4F34-AD5D-05A8B0B90AEE}"
EndProject
Project("{FAE04EC0-301F-11D3-BF4B-00C04F79EFBC}") = "Shapes1", "Shapes1\Shapes1.csproj", "{9C0683DC-614B-421C-8CBF-7AB4FF6D3551}"
EndProject
Project("{FAE04EC0-301F-11D3-BF4B-00C04F79EFBC}") = "Shapes2", "Shapes2\Shapes2.csproj", "{1C1BE1A8-7A86-431A-8D02-28A3510818D5}"
EndProject
Project("{FAE04EC0-301F-11D3-BF4B-00C04F79EFBC}") = "Paths1", "Paths1\Paths1.csproj", "{55EDA3F3-C1A5-4739-8F2C-00819ECC2920}"
EndProject
Project("{FAE04EC0-301F-11D3-BF4B-00C04F79EFBC}") = "Paths2", "Paths2\Paths2.csproj", "{42AB6B79-1262-4CE1-9A49-175B842442CC}"
EndProject
Project("{FAE04EC0-301F-11D3-BF4B-00C04F79EFBC}") = "Paths3", "Paths3\Paths3.csproj", "{D8E6E0F7-E3C5-4A99-9654-C2BCECEAB606}"
EndProject
Project("{FAE04EC0-301F-11D3-BF4B-00C04F79EFBC}") = "Text1", "Text1\Text1.csproj", "{957294E7-55A4-424F-AE88-911E29D4C40B}"
EndProject
Project("{FAE04EC0-301F-11D3-BF4B-00C04F79EFBC}") = "Text2", "Text2\Text2.csproj", "{C0175B16-9DFB-4D4C-A688-426C1B1DC59B}"
EndProject
Project("{FAE04EC0-301F-11D3-BF4B-00C04F79EFBC}") = "Text3", "Text3\Text3.csproj", "{BB35A520-A9BD-4060-AB90-738146CA7690}"
EndProject
Project("{FAE04EC0-301F-11D3-BF4B-00C04F79EFBC}") = "Transform1", "Transform1\Transform1.csproj", "{35D4D235-492A-4597-BC85-6D1BD71359E8}"
EndProject
Project("{FAE04EC0-301F-11D3-BF4B-00C04F79EFBC}") = "Animation1", "Animation1\Animation1.csproj", "{26C86168-9CDF-4E62-BD97-10625EC684DC}"
EndProject
Project("{FAE04EC0-301F-11D3-BF4B-00C04F79EFBC}") = "Animation2", "Animation2\Animation2.csproj", "{A09A1898-6649-4F93-B895-9798E3209144}"
EndProject
Project("{FAE04EC0-301F-11D3-BF4B-00C04F79EFBC}") = "Animation3", "Animation3\Animation3.csproj", "{9CC69EDC-9D18-4F32-9788-0C028CF19A8F}"
EndProject
Global
	GlobalSection(SolutionConfigurationPlatforms) = preSolution
		Debug|Any CPU = Debug|Any CPU
		Release|Any CPU = Release|Any CPU
	EndGlobalSection
	GlobalSection(ProjectConfigurationPlatforms) = postSolution
		{8F3A834E-5B97-4543-B839-01061CCA24F1}.Debug|Any CPU.ActiveCfg = Debug|Any CPU
		{8F3A834E-5B97-4543-B839-01061CCA24F1}.Debug|Any CPU.Build.0 = Debug|Any CPU
		{8F3A834E-5B97-4543-B839-01061CCA24F1}.Release|Any CPU.ActiveCfg = Release|Any CPU
		{8F3A834E-5B97-4543-B839-01061CCA24F1}.Release|Any CPU.Build.0 = Release|Any CPU
		{FAE50720-EA6A-4FBE-8464-1A6FD2B96A1C}.Debug|Any CPU.ActiveCfg = Debug|Any CPU
		{FAE50720-EA6A-4FBE-8464-1A6FD2B96A1C}.Debug|Any CPU.Build.0 = Debug|Any CPU
		{FAE50720-EA6A-4FBE-8464-1A6FD2B96A1C}.Release|Any CPU.ActiveCfg = Release|Any CPU
		{FAE50720-EA6A-4FBE-8464-1A6FD2B96A1C}.Release|Any CPU.Build.0 = Release|Any CPU
		{438AF207-A1B7-4606-9BB5-EC29F0128B33}.Debug|Any CPU.ActiveCfg = Debug|Any CPU
		{438AF207-A1B7-4606-9BB5-EC29F0128B33}.Debug|Any CPU.Build.0 = Debug|Any CPU
		{438AF207-A1B7-4606-9BB5-EC29F0128B33}.Release|Any CPU.ActiveCfg = Release|Any CPU
		{438AF207-A1B7-4606-9BB5-EC29F0128B33}.Release|Any CPU.Build.0 = Release|Any CPU
		{A9EE68BB-7E83-40EE-BA26-92467A872DB5}.Debug|Any CPU.ActiveCfg = Debug|Any CPU
		{A9EE68BB-7E83-40EE-BA26-92467A872DB5}.Debug|Any CPU.Build.0 = Debug|Any CPU
		{A9EE68BB-7E83-40EE-BA26-92467A872DB5}.Release|Any CPU.ActiveCfg = Release|Any CPU
		{A9EE68BB-7E83-40EE-BA26-92467A872DB5}.Release|Any CPU.Build.0 = Release|Any CPU
		{5536C79C-370D-4DD5-A6DB-AD83786D3207}.Debug|Any CPU.ActiveCfg = Debug|Any CPU
		{5536C79C-370D-4DD5-A6DB-AD83786D3207}.Debug|Any CPU.Build.0 = Debug|Any CPU
		{5536C79C-370D-4DD5-A6DB-AD83786D3207}.Release|Any CPU.ActiveCfg = Release|Any CPU
		{5536C79C-370D-4DD5-A6DB-AD83786D3207}.Release|Any CPU.Build.0 = Release|Any CPU
		{7A791DB8-47F4-454B-B37B-0E1EB239AE86}.Debug|Any CPU.ActiveCfg = Debug|Any CPU
		{7A791DB8-47F4-454B-B37B-0E1EB239AE86}.Debug|Any CPU.Build.0 = Debug|Any CPU
		{7A791DB8-47F4-454B-B37B-0E1EB239AE86}.Release|Any CPU.ActiveCfg = Release|Any CPU
		{7A791DB8-47F4-454B-B37B-0E1EB239AE86}.Release|Any CPU.Build.0 = Release|Any CPU
		{0EBA7818-7CF8-4302-A5F0-77E8F3B6397A}.Debug|Any CPU.ActiveCfg = Debug|Any CPU
		{0EBA7818-7CF8-4302-A5F0-77E8F3B6397A}.Debug|Any CPU.Build.0 = Debug|Any CPU
		{0EBA7818-7CF8-4302-A5F0-77E8F3B6397A}.Release|Any CPU.ActiveCfg = Release|Any CPU
		{0EBA7818-7CF8-4302-A5F0-77E8F3B6397A}.Release|Any CPU.Build.0 = Release|Any CPU
		{EA0672CB-BF2A-469C-83D1-881A1A5C5D10}.Debug|Any CPU.ActiveCfg = Debug|Any CPU
		{EA0672CB-BF2A-469C-83D1-881A1A5C5D10}.Debug|Any CPU.Build.0 = Debug|Any CPU
		{EA0672CB-BF2A-469C-83D1-881A1A5C5D10}.Release|Any CPU.ActiveCfg = Release|Any CPU
		{EA0672CB-BF2A-469C-83D1-881A1A5C5D10}.Release|Any CPU.Build.0 = Release|Any CPU
		{F7587548-77DB-4F72-BD34-3A3EA954FEA6}.Debug|Any CPU.ActiveCfg = Debug|Any CPU
		{F7587548-77DB-4F72-BD34-3A3EA954FEA6}.Debug|Any CPU.Build.0 = Debug|Any CPU
		{F7587548-77DB-4F72-BD34-3A3EA954FEA6}.Release|Any CPU.ActiveCfg = Release|Any CPU
		{F7587548-77DB-4F72-BD34-3A3EA954FEA6}.Release|Any CPU.Build.0 = Release|Any CPU
		{D9C7238E-4FCE-4F34-AD5D-05A8B0B90AEE}.Debug|Any CPU.ActiveCfg = Debug|Any CPU
		{D9C7238E-4FCE-4F34-AD5D-05A8B0B90AEE}.Debug|Any CPU.Build.0 = Debug|Any CPU
		{D9C7238E-4FCE-4F34-AD5D-05A8B0B90AEE}.Release|Any CPU.ActiveCfg = Release|Any CPU
		{D9C7238E-4FCE-4F34-AD5D-05A8B0B90AEE}.Release|Any CPU.Build.0 = Release|Any CPU
		{9C0683DC-614B-421C-8CBF-7AB4FF6D3551}.Debug|Any CPU.ActiveCfg = Debug|Any CPU
		{9C0683DC-614B-421C-8CBF-7AB4FF6D3551}.Debug|Any CPU.Build.0 = Debug|Any CPU
		{9C0683DC-614B-421C-8CBF-7AB4FF6D3551}.Release|Any CPU.ActiveCfg = Release|Any CPU
		{9C0683DC-614B-421C-8CBF-7AB4FF6D3551}.Release|Any CPU.Build.0 = Release|Any CPU
		{1C1BE1A8-7A86-431A-8D02-28A3510818D5}.Debug|Any CPU.ActiveCfg = Debug|Any CPU
		{1C1BE1A8-7A86-431A-8D02-28A3510818D5}.Debug|Any CPU.Build.0 = Debug|Any CPU
		{1C1BE1A8-7A86-431A-8D02-28A3510818D5}.Release|Any CPU.ActiveCfg = Release|Any CPU
		{1C1BE1A8-7A86-431A-8D02-28A3510818D5}.Release|Any CPU.Build.0 = Release|Any CPU
		{55EDA3F3-C1A5-4739-8F2C-00819ECC2920}.Debug|Any CPU.ActiveCfg = Debug|Any CPU
		{55EDA3F3-C1A5-4739-8F2C-00819ECC2920}.Debug|Any CPU.Build.0 = Debug|Any CPU
		{55EDA3F3-C1A5-4739-8F2C-00819ECC2920}.Release|Any CPU.ActiveCfg = Release|Any CPU
		{55EDA3F3-C1A5-4739-8F2C-00819ECC2920}.Release|Any CPU.Build.0 = Release|Any CPU
		{42AB6B79-1262-4CE1-9A49-175B842442CC}.Debug|Any CPU.ActiveCfg = Debug|Any CPU
		{42AB6B79-1262-4CE1-9A49-175B842442CC}.Debug|Any CPU.Build.0 = Debug|Any CPU
		{42AB6B79-1262-4CE1-9A49-175B842442CC}.Release|Any CPU.ActiveCfg = Release|Any CPU
		{42AB6B79-1262-4CE1-9A49-175B842442CC}.Release|Any CPU.Build.0 = Release|Any CPU
		{D8E6E0F7-E3C5-4A99-9654-C2BCECEAB606}.Debug|Any CPU.ActiveCfg = Debug|Any CPU
		{D8E6E0F7-E3C5-4A99-9654-C2BCECEAB606}.Debug|Any CPU.Build.0 = Debug|Any CPU
		{D8E6E0F7-E3C5-4A99-9654-C2BCECEAB606}.Release|Any CPU.ActiveCfg = Release|Any CPU
		{D8E6E0F7-E3C5-4A99-9654-C2BCECEAB606}.Release|Any CPU.Build.0 = Release|Any CPU
		{957294E7-55A4-424F-AE88-911E29D4C40B}.Debug|Any CPU.ActiveCfg = Debug|Any CPU
		{957294E7-55A4-424F-AE88-911E29D4C40B}.Debug|Any CPU.Build.0 = Debug|Any CPU
		{957294E7-55A4-424F-AE88-911E29D4C40B}.Release|Any CPU.ActiveCfg = Release|Any CPU
		{957294E7-55A4-424F-AE88-911E29D4C40B}.Release|Any CPU.Build.0 = Release|Any CPU
		{C0175B16-9DFB-4D4C-A688-426C1B1DC59B}.Debug|Any CPU.ActiveCfg = Debug|Any CPU
		{C0175B16-9DFB-4D4C-A688-426C1B1DC59B}.Debug|Any CPU.Build.0 = Debug|Any CPU
		{C0175B16-9DFB-4D4C-A688-426C1B1DC59B}.Release|Any CPU.ActiveCfg = Release|Any CPU
		{C0175B16-9DFB-4D4C-A688-426C1B1DC59B}.Release|Any CPU.Build.0 = Release|Any CPU
		{BB35A520-A9BD-4060-AB90-738146CA7690}.Debug|Any CPU.ActiveCfg = Debug|Any CPU
		{BB35A520-A9BD-4060-AB90-738146CA7690}.Debug|Any CPU.Build.0 = Debug|Any CPU
		{BB35A520-A9BD-4060-AB90-738146CA7690}.Release|Any CPU.ActiveCfg = Release|Any CPU
		{BB35A520-A9BD-4060-AB90-738146CA7690}.Release|Any CPU.Build.0 = Release|Any CPU
		{35D4D235-492A-4597-BC85-6D1BD71359E8}.Debug|Any CPU.ActiveCfg = Debug|Any CPU
		{35D4D235-492A-4597-BC85-6D1BD71359E8}.Debug|Any CPU.Build.0 = Debug|Any CPU
		{35D4D235-492A-4597-BC85-6D1BD71359E8}.Release|Any CPU.ActiveCfg = Release|Any CPU
		{35D4D235-492A-4597-BC85-6D1BD71359E8}.Release|Any CPU.Build.0 = Release|Any CPU
		{26C86168-9CDF-4E62-BD97-10625EC684DC}.Debug|Any CPU.ActiveCfg = Debug|Any CPU
		{26C86168-9CDF-4E62-BD97-10625EC684DC}.Debug|Any CPU.Build.0 = Debug|Any CPU
		{26C86168-9CDF-4E62-BD97-10625EC684DC}.Release|Any CPU.ActiveCfg = Release|Any CPU
		{26C86168-9CDF-4E62-BD97-10625EC684DC}.Release|Any CPU.Build.0 = Release|Any CPU
		{A09A1898-6649-4F93-B895-9798E3209144}.Debug|Any CPU.ActiveCfg = Debug|Any CPU
		{A09A1898-6649-4F93-B895-9798E3209144}.Debug|Any CPU.Build.0 = Debug|Any CPU
		{A09A1898-6649-4F93-B895-9798E3209144}.Release|Any CPU.ActiveCfg = Release|Any CPU
		{A09A1898-6649-4F93-B895-9798E3209144}.Release|Any CPU.Build.0 = Release|Any CPU
		{9CC69EDC-9D18-4F32-9788-0C028CF19A8F}.Debug|Any CPU.ActiveCfg = Debug|Any CPU
		{9CC69EDC-9D18-4F32-9788-0C028CF19A8F}.Debug|Any CPU.Build.0 = Debug|Any CPU
		{9CC69EDC-9D18-4F32-9788-0C028CF19A8F}.Release|Any CPU.ActiveCfg = Release|Any CPU
		{9CC69EDC-9D18-4F32-9788-0C028CF19A8F}.Release|Any CPU.Build.0 = Release|Any CPU
	EndGlobalSection
	GlobalSection(SolutionProperties) = preSolution
		HideSolutionNode = FALSE
	EndGlobalSection
	GlobalSection(ExtensibilityGlobals) = postSolution
		SolutionGuid = {618BFDF9-838B-4024-909C-077D8887C0D1}
	EndGlobalSection
EndGlobal
